
Microsoft Visual Studio Solution File, Format Version 12.00
# Visual Studio Version 17
VisualStudioVersion = 17.9.34607.119
MinimumVisualStudioVersion = 10.0.40219.1
Project("{FAE04EC0-301F-11D3-BF4B-00C04F79EFBC}") = "Test-FilestreamSQL", "Test-FilestreamSQL\Test-FilestreamSQL.csproj", "{0B527347-C02A-44DD-974E-2CB237E0409D}"
EndProject
Global
	GlobalSection(SolutionConfigurationPlatforms) = preSolution
		Debug|Any CPU = Debug|Any CPU
		Release|Any CPU = Release|Any CPU
	EndGlobalSection
	GlobalSection(ProjectConfigurationPlatforms) = postSolution
		{0B527347-C02A-44DD-974E-2CB237E0409D}.Debug|Any CPU.ActiveCfg = Debug|Any CPU
		{0B527347-C02A-44DD-974E-2CB237E0409D}.Debug|Any CPU.Build.0 = Debug|Any CPU
		{0B527347-C02A-44DD-974E-2CB237E0409D}.Release|Any CPU.ActiveCfg = Release|Any CPU
		{0B527347-C02A-44DD-974E-2CB237E0409D}.Release|Any CPU.Build.0 = Release|Any CPU
	EndGlobalSection
	GlobalSection(SolutionProperties) = preSolution
		HideSolutionNode = FALSE
	EndGlobalSection
	GlobalSection(ExtensibilityGlobals) = postSolution
		SolutionGuid = {1AA805C6-E3B4-4244-BF88-677EE8491A43}
	EndGlobalSection
EndGlobal
